
Microsoft Visual Studio Solution File, Format Version 12.00
# Visual Studio Version 17
VisualStudioVersion = 17.2.32802.462
MinimumVisualStudioVersion = 10.0.40219.1
Project("{FAE04EC0-301F-11D3-BF4B-00C04F79EFBC}") = "Gyak9_NTPSHY", "Gyak9_NTPSHY\Gyak9_NTPSHY.csproj", "{C58F8726-3A37-4668-BACE-117E570330A3}"
EndProject
Global
	GlobalSection(SolutionConfigurationPlatforms) = preSolution
		Debug|Any CPU = Debug|Any CPU
		Release|Any CPU = Release|Any CPU
	EndGlobalSection
	GlobalSection(ProjectConfigurationPlatforms) = postSolution
		{C58F8726-3A37-4668-BACE-117E570330A3}.Debug|Any CPU.ActiveCfg = Debug|Any CPU
		{C58F8726-3A37-4668-BACE-117E570330A3}.Debug|Any CPU.Build.0 = Debug|Any CPU
		{C58F8726-3A37-4668-BACE-117E570330A3}.Release|Any CPU.ActiveCfg = Release|Any CPU
		{C58F8726-3A37-4668-BACE-117E570330A3}.Release|Any CPU.Build.0 = Release|Any CPU
	EndGlobalSection
	GlobalSection(SolutionProperties) = preSolution
		HideSolutionNode = FALSE
	EndGlobalSection
	GlobalSection(ExtensibilityGlobals) = postSolution
		SolutionGuid = {BD573968-5619-4C69-BE58-DA5773CBA6A7}
	EndGlobalSection
EndGlobal
